// !$*UTF8*$!
{
	archiveVersion = 1;
	classes = {
	};
	objectVersion = 46;
	objects = {

/* Begin PBXBuildFile section */
		6F468FC91971BA5B00D10FD2 /* Foundation.framework in Frameworks */ = {isa = PBXBuildFile; fileRef = 6F468FC81971BA5B00D10FD2 /* Foundation.framework */; };
		6F468FCB1971BA5B00D10FD2 /* CoreGraphics.framework in Frameworks */ = {isa = PBXBuildFile; fileRef = 6F468FCA1971BA5B00D10FD2 /* CoreGraphics.framework */; };
		6F468FCD1971BA5B00D10FD2 /* UIKit.framework in Frameworks */ = {isa = PBXBuildFile; fileRef = 6F468FCC1971BA5B00D10FD2 /* UIKit.framework */; };
		6F468FD31971BA5B00D10FD2 /* InfoPlist.strings in Resources */ = {isa = PBXBuildFile; fileRef = 6F468FD11971BA5B00D10FD2 /* InfoPlist.strings */; };
		6F468FD51971BA5B00D10FD2 /* main.m in Sources */ = {isa = PBXBuildFile; fileRef = 6F468FD41971BA5B00D10FD2 /* main.m */; };
		6F468FD91971BA5B00D10FD2 /* FAAppDelegate.m in Sources */ = {isa = PBXBuildFile; fileRef = 6F468FD81971BA5B00D10FD2 /* FAAppDelegate.m */; };
		6F468FDB1971BA5B00D10FD2 /* Images.xcassets in Resources */ = {isa = PBXBuildFile; fileRef = 6F468FDA1971BA5B00D10FD2 /* Images.xcassets */; };
		6F468FE21971BA5B00D10FD2 /* XCTest.framework in Frameworks */ = {isa = PBXBuildFile; fileRef = 6F468FE11971BA5B00D10FD2 /* XCTest.framework */; };
		6F468FE31971BA5B00D10FD2 /* Foundation.framework in Frameworks */ = {isa = PBXBuildFile; fileRef = 6F468FC81971BA5B00D10FD2 /* Foundation.framework */; };
		6F468FE41971BA5B00D10FD2 /* UIKit.framework in Frameworks */ = {isa = PBXBuildFile; fileRef = 6F468FCC1971BA5B00D10FD2 /* UIKit.framework */; };
		6F468FEC1971BA5C00D10FD2 /* InfoPlist.strings in Resources */ = {isa = PBXBuildFile; fileRef = 6F468FEA1971BA5C00D10FD2 /* InfoPlist.strings */; };
		6F468FEE1971BA5C00D10FD2 /* CarDashTests.m in Sources */ = {isa = PBXBuildFile; fileRef = 6F468FED1971BA5C00D10FD2 /* CarDashTests.m */; };
/* End PBXBuildFile section */

/* Begin PBXContainerItemProxy section */
		6F468FE51971BA5B00D10FD2 /* PBXContainerItemProxy */ = {
			isa = PBXContainerItemProxy;
			containerPortal = 6F468FBD1971BA5B00D10FD2 /* Project object */;
			proxyType = 1;
			remoteGlobalIDString = 6F468FC41971BA5B00D10FD2;
			remoteInfo = CarDash;
		};
/* End PBXContainerItemProxy section */

/* Begin PBXFileReference section */
		6F468FC51971BA5B00D10FD2 /* CarDash.app */ = {isa = PBXFileReference; explicitFileType = wrapper.application; includeInIndex = 0; path = CarDash.app; sourceTree = BUILT_PRODUCTS_DIR; };
		6F468FC81971BA5B00D10FD2 /* Foundation.framework */ = {isa = PBXFileReference; lastKnownFileType = wrapper.framework; name = Foundation.framework; path = System/Library/Frameworks/Foundation.framework; sourceTree = SDKROOT; };
		6F468FCA1971BA5B00D10FD2 /* CoreGraphics.framework */ = {isa = PBXFileReference; lastKnownFileType = wrapper.framework; name = CoreGraphics.framework; path = System/Library/Frameworks/CoreGraphics.framework; sourceTree = SDKROOT; };
		6F468FCC1971BA5B00D10FD2 /* UIKit.framework */ = {isa = PBXFileReference; lastKnownFileType = wrapper.framework; name = UIKit.framework; path = System/Library/Frameworks/UIKit.framework; sourceTree = SDKROOT; };
		6F468FD01971BA5B00D10FD2 /* CarDash-Info.plist */ = {isa = PBXFileReference; lastKnownFileType = text.plist.xml; path = "CarDash-Info.plist"; sourceTree = "<group>"; };
		6F468FD21971BA5B00D10FD2 /* en */ = {isa = PBXFileReference; lastKnownFileType = text.plist.strings; name = en; path = en.lproj/InfoPlist.strings; sourceTree = "<group>"; };
		6F468FD41971BA5B00D10FD2 /* main.m */ = {isa = PBXFileReference; lastKnownFileType = sourcecode.c.objc; path = main.m; sourceTree = "<group>"; };
		6F468FD61971BA5B00D10FD2 /* CarDash-Prefix.pch */ = {isa = PBXFileReference; lastKnownFileType = sourcecode.c.h; path = "CarDash-Prefix.pch"; sourceTree = "<group>"; };
		6F468FD71971BA5B00D10FD2 /* FAAppDelegate.h */ = {isa = PBXFileReference; lastKnownFileType = sourcecode.c.h; path = FAAppDelegate.h; sourceTree = "<group>"; };
		6F468FD81971BA5B00D10FD2 /* FAAppDelegate.m */ = {isa = PBXFileReference; lastKnownFileType = sourcecode.c.objc; path = FAAppDelegate.m; sourceTree = "<group>"; };
		6F468FDA1971BA5B00D10FD2 /* Images.xcassets */ = {isa = PBXFileReference; lastKnownFileType = folder.assetcatalog; path = Images.xcassets; sourceTree = "<group>"; };
		6F468FE01971BA5B00D10FD2 /* CarDashTests.xctest */ = {isa = PBXFileReference; explicitFileType = wrapper.cfbundle; includeInIndex = 0; path = CarDashTests.xctest; sourceTree = BUILT_PRODUCTS_DIR; };
		6F468FE11971BA5B00D10FD2 /* XCTest.framework */ = {isa = PBXFileReference; lastKnownFileType = wrapper.framework; name = XCTest.framework; path = Library/Frameworks/XCTest.framework; sourceTree = DEVELOPER_DIR; };
		6F468FE91971BA5C00D10FD2 /* CarDashTests-Info.plist */ = {isa = PBXFileReference; lastKnownFileType = text.plist.xml; path = "CarDashTests-Info.plist"; sourceTree = "<group>"; };
		6F468FEB1971BA5C00D10FD2 /* en */ = {isa = PBXFileReference; lastKnownFileType = text.plist.strings; name = en; path = en.lproj/InfoPlist.strings; sourceTree = "<group>"; };
		6F468FED1971BA5C00D10FD2 /* CarDashTests.m */ = {isa = PBXFileReference; lastKnownFileType = sourcecode.c.objc; path = CarDashTests.m; sourceTree = "<group>"; };
/* End PBXFileReference section */

/* Begin PBXFrameworksBuildPhase section */
		6F468FC21971BA5B00D10FD2 /* Frameworks */ = {
			isa = PBXFrameworksBuildPhase;
			buildActionMask = 2147483647;
			files = (
				6F468FCB1971BA5B00D10FD2 /* CoreGraphics.framework in Frameworks */,
				6F468FCD1971BA5B00D10FD2 /* UIKit.framework in Frameworks */,
				6F468FC91971BA5B00D10FD2 /* Foundation.framework in Frameworks */,
			);
			runOnlyForDeploymentPostprocessing = 0;
		};
		6F468FDD1971BA5B00D10FD2 /* Frameworks */ = {
			isa = PBXFrameworksBuildPhase;
			buildActionMask = 2147483647;
			files = (
				6F468FE21971BA5B00D10FD2 /* XCTest.framework in Frameworks */,
				6F468FE41971BA5B00D10FD2 /* UIKit.framework in Frameworks */,
				6F468FE31971BA5B00D10FD2 /* Foundation.framework in Frameworks */,
			);
			runOnlyForDeploymentPostprocessing = 0;
		};
/* End PBXFrameworksBuildPhase section */

/* Begin PBXGroup section */
		6F468FBC1971BA5B00D10FD2 = {
			isa = PBXGroup;
			children = (
				6F468FCE1971BA5B00D10FD2 /* CarDash */,
				6F468FE71971BA5B00D10FD2 /* CarDashTests */,
				6F468FC71971BA5B00D10FD2 /* Frameworks */,
				6F468FC61971BA5B00D10FD2 /* Products */,
			);
			sourceTree = "<group>";
		};
		6F468FC61971BA5B00D10FD2 /* Products */ = {
			isa = PBXGroup;
			children = (
				6F468FC51971BA5B00D10FD2 /* CarDash.app */,
				6F468FE01971BA5B00D10FD2 /* CarDashTests.xctest */,
			);
			name = Products;
			sourceTree = "<group>";
		};
		6F468FC71971BA5B00D10FD2 /* Frameworks */ = {
			isa = PBXGroup;
			children = (
				6F468FC81971BA5B00D10FD2 /* Foundation.framework */,
				6F468FCA1971BA5B00D10FD2 /* CoreGraphics.framework */,
				6F468FCC1971BA5B00D10FD2 /* UIKit.framework */,
				6F468FE11971BA5B00D10FD2 /* XCTest.framework */,
			);
			name = Frameworks;
			sourceTree = "<group>";
		};
		6F468FCE1971BA5B00D10FD2 /* CarDash */ = {
			isa = PBXGroup;
			children = (
				6F468FD71971BA5B00D10FD2 /* FAAppDelegate.h */,
				6F468FD81971BA5B00D10FD2 /* FAAppDelegate.m */,
				6F468FDA1971BA5B00D10FD2 /* Images.xcassets */,
				6F468FCF1971BA5B00D10FD2 /* Supporting Files */,
			);
			path = CarDash;
			sourceTree = "<group>";
		};
		6F468FCF1971BA5B00D10FD2 /* Supporting Files */ = {
			isa = PBXGroup;
			children = (
				6F468FD01971BA5B00D10FD2 /* CarDash-Info.plist */,
				6F468FD11971BA5B00D10FD2 /* InfoPlist.strings */,
				6F468FD41971BA5B00D10FD2 /* main.m */,
				6F468FD61971BA5B00D10FD2 /* CarDash-Prefix.pch */,
			);
			name = "Supporting Files";
			sourceTree = "<group>";
		};
		6F468FE71971BA5B00D10FD2 /* CarDashTests */ = {
			isa = PBXGroup;
			children = (
				6F468FED1971BA5C00D10FD2 /* CarDashTests.m */,
				6F468FE81971BA5C00D10FD2 /* Supporting Files */,
			);
			path = CarDashTests;
			sourceTree = "<group>";
		};
		6F468FE81971BA5C00D10FD2 /* Supporting Files */ = {
			isa = PBXGroup;
			children = (
				6F468FE91971BA5C00D10FD2 /* CarDashTests-Info.plist */,
				6F468FEA1971BA5C00D10FD2 /* InfoPlist.strings */,
			);
			name = "Supporting Files";
			sourceTree = "<group>";
		};
/* End PBXGroup section */

/* Begin PBXNativeTarget section */
		6F468FC41971BA5B00D10FD2 /* CarDash */ = {
			isa = PBXNativeTarget;
			buildConfigurationList = 6F468FF11971BA5C00D10FD2 /* Build configuration list for PBXNativeTarget "CarDash" */;
			buildPhases = (
				6F468FC11971BA5B00D10FD2 /* Sources */,
				6F468FC21971BA5B00D10FD2 /* Frameworks */,
				6F468FC31971BA5B00D10FD2 /* Resources */,
			);
			buildRules = (
			);
			dependencies = (
			);
			name = CarDash;
			productName = CarDash;
			productReference = 6F468FC51971BA5B00D10FD2 /* CarDash.app */;
			productType = "com.apple.product-type.application";
		};
		6F468FDF1971BA5B00D10FD2 /* CarDashTests */ = {
			isa = PBXNativeTarget;
			buildConfigurationList = 6F468FF41971BA5C00D10FD2 /* Build configuration list for PBXNativeTarget "CarDashTests" */;
			buildPhases = (
				6F468FDC1971BA5B00D10FD2 /* Sources */,
				6F468FDD1971BA5B00D10FD2 /* Frameworks */,
				6F468FDE1971BA5B00D10FD2 /* Resources */,
			);
			buildRules = (
			);
			dependencies = (
				6F468FE61971BA5B00D10FD2 /* PBXTargetDependency */,
			);
			name = CarDashTests;
			productName = CarDashTests;
			productReference = 6F468FE01971BA5B00D10FD2 /* CarDashTests.xctest */;
			productType = "com.apple.product-type.bundle.unit-test";
		};
/* End PBXNativeTarget section */

/* Begin PBXProject section */
		6F468FBD1971BA5B00D10FD2 /* Project object */ = {
			isa = PBXProject;
			attributes = {
				CLASSPREFIX = FA;
				LastUpgradeCheck = 0510;
				ORGANIZATIONNAME = ForgeApps;
				TargetAttributes = {
					6F468FDF1971BA5B00D10FD2 = {
						TestTargetID = 6F468FC41971BA5B00D10FD2;
					};
				};
			};
			buildConfigurationList = 6F468FC01971BA5B00D10FD2 /* Build configuration list for PBXProject "CarDash" */;
			compatibilityVersion = "Xcode 3.2";
			developmentRegion = English;
			hasScannedForEncodings = 0;
			knownRegions = (
				en,
			);
			mainGroup = 6F468FBC1971BA5B00D10FD2;
			productRefGroup = 6F468FC61971BA5B00D10FD2 /* Products */;
			projectDirPath = "";
			projectRoot = "";
			targets = (
				6F468FC41971BA5B00D10FD2 /* CarDash */,
				6F468FDF1971BA5B00D10FD2 /* CarDashTests */,
			);
		};
/* End PBXProject section */

/* Begin PBXResourcesBuildPhase section */
		6F468FC31971BA5B00D10FD2 /* Resources */ = {
			isa = PBXResourcesBuildPhase;
			buildActionMask = 2147483647;
			files = (
				6F468FD31971BA5B00D10FD2 /* InfoPlist.strings in Resources */,
				6F468FDB1971BA5B00D10FD2 /* Images.xcassets in Resources */,
			);
			runOnlyForDeploymentPostprocessing = 0;
		};
		6F468FDE1971BA5B00D10FD2 /* Resources */ = {
			isa = PBXResourcesBuildPhase;
			buildActionMask = 2147483647;
			files = (
				6F468FEC1971BA5C00D10FD2 /* InfoPlist.strings in Resources */,
			);
			runOnlyForDeploymentPostprocessing = 0;
		};
/* End PBXResourcesBuildPhase section */

/* Begin PBXSourcesBuildPhase section */
		6F468FC11971BA5B00D10FD2 /* Sources */ = {
			isa = PBXSourcesBuildPhase;
			buildActionMask = 2147483647;
			files = (
				6F468FD51971BA5B00D10FD2 /* main.m in Sources */,
				6F468FD91971BA5B00D10FD2 /* FAAppDelegate.m in Sources */,
			);
			runOnlyForDeploymentPostprocessing = 0;
		};
		6F468FDC1971BA5B00D10FD2 /* Sources */ = {
			isa = PBXSourcesBuildPhase;
			buildActionMask = 2147483647;
			files = (
				6F468FEE1971BA5C00D10FD2 /* CarDashTests.m in Sources */,
			);
			runOnlyForDeploymentPostprocessing = 0;
		};
/* End PBXSourcesBuildPhase section */

/* Begin PBXTargetDependency section */
		6F468FE61971BA5B00D10FD2 /* PBXTargetDependency */ = {
			isa = PBXTargetDependency;
			target = 6F468FC41971BA5B00D10FD2 /* CarDash */;
			targetProxy = 6F468FE51971BA5B00D10FD2 /* PBXContainerItemProxy */;
		};
/* End PBXTargetDependency section */

/* Begin PBXVariantGroup section */
		6F468FD11971BA5B00D10FD2 /* InfoPlist.strings */ = {
			isa = PBXVariantGroup;
			children = (
				6F468FD21971BA5B00D10FD2 /* en */,
			);
			name = InfoPlist.strings;
			sourceTree = "<group>";
		};
		6F468FEA1971BA5C00D10FD2 /* InfoPlist.strings */ = {
			isa = PBXVariantGroup;
			children = (
				6F468FEB1971BA5C00D10FD2 /* en */,
			);
			name = InfoPlist.strings;
			sourceTree = "<group>";
		};
/* End PBXVariantGroup section */

/* Begin XCBuildConfiguration section */
		6F468FEF1971BA5C00D10FD2 /* Debug */ = {
			isa = XCBuildConfiguration;
			buildSettings = {
				ALWAYS_SEARCH_USER_PATHS = NO;
				CLANG_CXX_LANGUAGE_STANDARD = "gnu++0x";
				CLANG_CXX_LIBRARY = "libc++";
				CLANG_ENABLE_MODULES = YES;
				CLANG_ENABLE_OBJC_ARC = YES;
				CLANG_WARN_BOOL_CONVERSION = YES;
				CLANG_WARN_CONSTANT_CONVERSION = YES;
				CLANG_WARN_DIRECT_OBJC_ISA_USAGE = YES_ERROR;
				CLANG_WARN_EMPTY_BODY = YES;
				CLANG_WARN_ENUM_CONVERSION = YES;
				CLANG_WARN_INT_CONVERSION = YES;
				CLANG_WARN_OBJC_ROOT_CLASS = YES_ERROR;
				CLANG_WARN__DUPLICATE_METHOD_MATCH = YES;
				"CODE_SIGN_IDENTITY[sdk=iphoneos*]" = "iPhone Developer";
				COPY_PHASE_STRIP = NO;
				GCC_C_LANGUAGE_STANDARD = gnu99;
				GCC_DYNAMIC_NO_PIC = NO;
				GCC_OPTIMIZATION_LEVEL = 0;
				GCC_PREPROCESSOR_DEFINITIONS = (
					"DEBUG=1",
					"$(inherited)",
				);
				GCC_SYMBOLS_PRIVATE_EXTERN = NO;
				GCC_WARN_64_TO_32_BIT_CONVERSION = YES;
				GCC_WARN_ABOUT_RETURN_TYPE = YES_ERROR;
				GCC_WARN_UNDECLARED_SELECTOR = YES;
				GCC_WARN_UNINITIALIZED_AUTOS = YES_AGGRESSIVE;
				GCC_WARN_UNUSED_FUNCTION = YES;
				GCC_WARN_UNUSED_VARIABLE = YES;
				IPHONEOS_DEPLOYMENT_TARGET = 7.1;
				ONLY_ACTIVE_ARCH = YES;
				SDKROOT = iphoneos;
				TARGETED_DEVICE_FAMILY = "1,2";
			};
			name = Debug;
		};
		6F468FF01971BA5C00D10FD2 /* Release */ = {
			isa = XCBuildConfiguration;
			buildSettings = {
				ALWAYS_SEARCH_USER_PATHS = NO;
				CLANG_CXX_LANGUAGE_STANDARD = "gnu++0x";
				CLANG_CXX_LIBRARY = "libc++";
				CLANG_ENABLE_MODULES = YES;
				CLANG_ENABLE_OBJC_ARC = YES;
				CLANG_WARN_BOOL_CONVERSION = YES;
				CLANG_WARN_CONSTANT_CONVERSION = YES;
				CLANG_WARN_DIRECT_OBJC_ISA_USAGE = YES_ERROR;
				CLANG_WARN_EMPTY_BODY = YES;
				CLANG_WARN_ENUM_CONVERSION = YES;
				CLANG_WARN_INT_CONVERSION = YES;
				CLANG_WARN_OBJC_ROOT_CLASS = YES_ERROR;
				CLANG_WARN__DUPLICATE_METHOD_MATCH = YES;
				"CODE_SIGN_IDENTITY[sdk=iphoneos*]" = "iPhone Developer";
				COPY_PHASE_STRIP = YES;
				ENABLE_NS_ASSERTIONS = NO;
				GCC_C_LANGUAGE_STANDARD = gnu99;
				GCC_WARN_64_TO_32_BIT_CONVERSION = YES;
				GCC_WARN_ABOUT_RETURN_TYPE = YES_ERROR;
				GCC_WARN_UNDECLARED_SELECTOR = YES;
				GCC_WARN_UNINITIALIZED_AUTOS = YES_AGGRESSIVE;
				GCC_WARN_UNUSED_FUNCTION = YES;
				GCC_WARN_UNUSED_VARIABLE = YES;
				IPHONEOS_DEPLOYMENT_TARGET = 7.1;
				SDKROOT = iphoneos;
				TARGETED_DEVICE_FAMILY = "1,2";
				VALIDATE_PRODUCT = YES;
			};
			name = Release;
		};
		6F468FF21971BA5C00D10FD2 /* Debug */ = {
			isa = XCBuildConfiguration;
			buildSettings = {
				ASSETCATALOG_COMPILER_APPICON_NAME = AppIcon;
				ASSETCATALOG_COMPILER_LAUNCHIMAGE_NAME = LaunchImage;
				GCC_PRECOMPILE_PREFIX_HEADER = YES;
				GCC_PREFIX_HEADER = "CarDash/CarDash-Prefix.pch";
				INFOPLIST_FILE = "CarDash/CarDash-Info.plist";
				PRODUCT_NAME = "$(TARGET_NAME)";
				WRAPPER_EXTENSION = app;
			};
			name = Debug;
		};
		6F468FF31971BA5C00D10FD2 /* Release */ = {
			isa = XCBuildConfiguration;
			buildSettings = {
				ASSETCATALOG_COMPILER_APPICON_NAME = AppIcon;
				ASSETCATALOG_COMPILER_LAUNCHIMAGE_NAME = LaunchImage;
				GCC_PRECOMPILE_PREFIX_HEADER = YES;
				GCC_PREFIX_HEADER = "CarDash/CarDash-Prefix.pch";
				INFOPLIST_FILE = "CarDash/CarDash-Info.plist";
				PRODUCT_NAME = "$(TARGET_NAME)";
				WRAPPER_EXTENSION = app;
			};
			name = Release;
		};
		6F468FF51971BA5C00D10FD2 /* Debug */ = {
			isa = XCBuildConfiguration;
			buildSettings = {
				BUNDLE_LOADER = "$(BUILT_PRODUCTS_DIR)/CarDash.app/CarDash";
				FRAMEWORK_SEARCH_PATHS = (
					"$(SDKROOT)/Developer/Library/Frameworks",
					"$(inherited)",
					"$(DEVELOPER_FRAMEWORKS_DIR)",
				);
				GCC_PRECOMPILE_PREFIX_HEADER = YES;
				GCC_PREFIX_HEADER = "CarDash/CarDash-Prefix.pch";
				GCC_PREPROCESSOR_DEFINITIONS = (
					"DEBUG=1",
					"$(inherited)",
				);
				INFOPLIST_FILE = "CarDashTests/CarDashTests-Info.plist";
				PRODUCT_NAME = "$(TARGET_NAME)";
				TEST_HOST = "$(BUNDLE_LOADER)";
				WRAPPER_EXTENSION = xctest;
			};
			name = Debug;
		};
		6F468FF61971BA5C00D10FD2 /* Release */ = {
			isa = XCBuildConfiguration;
			buildSettings = {
				BUNDLE_LOADER = "$(BUILT_PRODUCTS_DIR)/CarDash.app/CarDash";
				FRAMEWORK_SEARCH_PATHS = (
					"$(SDKROOT)/Developer/Library/Frameworks",
					"$(inherited)",
					"$(DEVELOPER_FRAMEWORKS_DIR)",
				);
				GCC_PRECOMPILE_PREFIX_HEADER = YES;
				GCC_PREFIX_HEADER = "CarDash/CarDash-Prefix.pch";
				INFOPLIST_FILE = "CarDashTests/CarDashTests-Info.plist";
				PRODUCT_NAME = "$(TARGET_NAME)";
				TEST_HOST = "$(BUNDLE_LOADER)";
				WRAPPER_EXTENSION = xctest;
			};
			name = Release;
		};
/* End XCBuildConfiguration section */

/* Begin XCConfigurationList section */
		6F468FC01971BA5B00D10FD2 /* Build configuration list for PBXProject "CarDash" */ = {
			isa = XCConfigurationList;
			buildConfigurations = (
				6F468FEF1971BA5C00D10FD2 /* Debug */,
				6F468FF01971BA5C00D10FD2 /* Release */,
			);
			defaultConfigurationIsVisible = 0;
			defaultConfigurationName = Release;
		};
		6F468FF11971BA5C00D10FD2 /* Build configuration list for PBXNativeTarget "CarDash" */ = {
			isa = XCConfigurationList;
			buildConfigurations = (
				6F468FF21971BA5C00D10FD2 /* Debug */,
				6F468FF31971BA5C00D10FD2 /* Release */,
			);
			defaultConfigurationIsVisible = 0;
		};
		6F468FF41971BA5C00D10FD2 /* Build configuration list for PBXNativeTarget "CarDashTests" */ = {
			isa = XCConfigurationList;
			buildConfigurations = (
				6F468FF51971BA5C00D10FD2 /* Debug */,
				6F468FF61971BA5C00D10FD2 /* Release */,
			);
			defaultConfigurationIsVisible = 0;
		};
/* End XCConfigurationList section */
	};
	rootObject = 6F468FBD1971BA5B00D10FD2 /* Project object */;
}
